{
  "nodes": {
    "nixpkgs": {
      "locked": {
        "lastModified": 1727718448,
        "narHash": "sha256-Ykvp0GsAzGMHgg+hVdyaAsctuX/LyUha5a9j2OS7PAI=",
        "owner": "nixos",
        "repo": "nixpkgs",
        "rev": "c8e96cc044b1630d98365d79ba308dac93497bae",
        "type": "github"
      },
      "original": {
        "owner": "nixos",
        "ref": "nixpkgs-24.05-darwin",
        "repo": "nixpkgs",
        "type": "github"
      }
    },
    "root": {
      "inputs": {
        "nixpkgs": "nixpkgs"
      }
    }
  },
  "root": "root",
  "version": 7
}
